
Microsoft Visual Studio Solution File, Format Version 12.00
# Visual Studio Version 17
VisualStudioVersion = 17.2.32516.85
MinimumVisualStudioVersion = 10.0.40219.1
Project("{FAE04EC0-301F-11D3-BF4B-00C04F79EFBC}") = "Bookstore", "Bookstore\Bookstore.csproj", "{93F3A611-126F-48D4-9F31-3AE06DC1FC02}"
EndProject
Global
	GlobalSection(SolutionConfigurationPlatforms) = preSolution
		Debug|Any CPU = Debug|Any CPU
		Release|Any CPU = Release|Any CPU
	EndGlobalSection
	GlobalSection(ProjectConfigurationPlatforms) = postSolution
		{93F3A611-126F-48D4-9F31-3AE06DC1FC02}.Debug|Any CPU.ActiveCfg = Debug|Any CPU
		{93F3A611-126F-48D4-9F31-3AE06DC1FC02}.Debug|Any CPU.Build.0 = Debug|Any CPU
		{93F3A611-126F-48D4-9F31-3AE06DC1FC02}.Release|Any CPU.ActiveCfg = Release|Any CPU
		{93F3A611-126F-48D4-9F31-3AE06DC1FC02}.Release|Any CPU.Build.0 = Release|Any CPU
	EndGlobalSection
	GlobalSection(SolutionProperties) = preSolution
		HideSolutionNode = FALSE
	EndGlobalSection
	GlobalSection(ExtensibilityGlobals) = postSolution
		SolutionGuid = {FAB6DF9F-78FA-43FC-9167-BD9279BF10FE}
	EndGlobalSection
EndGlobal
